
Microsoft Visual Studio Solution File, Format Version 12.00
# Visual Studio Version 16
VisualStudioVersion = 16.0.31424.327
MinimumVisualStudioVersion = 10.0.40219.1
Project("{FAE04EC0-301F-11D3-BF4B-00C04F79EFBC}") = "WindowsFormsApp1", "WindowsFormsApp1\WindowsFormsApp1.csproj", "{02E35A21-C508-4B74-90D1-FAC5291621CF}"
EndProject
Global
	GlobalSection(SolutionConfigurationPlatforms) = preSolution
		Debug|Any CPU = Debug|Any CPU
		Release|Any CPU = Release|Any CPU
	EndGlobalSection
	GlobalSection(ProjectConfigurationPlatforms) = postSolution
		{02E35A21-C508-4B74-90D1-FAC5291621CF}.Debug|Any CPU.ActiveCfg = Debug|Any CPU
		{02E35A21-C508-4B74-90D1-FAC5291621CF}.Debug|Any CPU.Build.0 = Debug|Any CPU
		{02E35A21-C508-4B74-90D1-FAC5291621CF}.Release|Any CPU.ActiveCfg = Release|Any CPU
		{02E35A21-C508-4B74-90D1-FAC5291621CF}.Release|Any CPU.Build.0 = Release|Any CPU
	EndGlobalSection
	GlobalSection(SolutionProperties) = preSolution
		HideSolutionNode = FALSE
	EndGlobalSection
	GlobalSection(ExtensibilityGlobals) = postSolution
		SolutionGuid = {F1AAD7D0-3392-4008-B6F0-543718496523}
	EndGlobalSection
EndGlobal
